
Microsoft Visual Studio Solution File, Format Version 12.00
# Visual Studio 15
VisualStudioVersion = 15.0.28307.329
MinimumVisualStudioVersion = 10.0.40219.1
Project("{FAE04EC0-301F-11D3-BF4B-00C04F79EFBC}") = "DedicatedServer", "DedicatedServer\DedicatedServer.csproj", "{E4CE15D7-24CD-47D8-9C31-0D32E8B05501}"
EndProject
Global
	GlobalSection(SolutionConfigurationPlatforms) = preSolution
		Debug|Any CPU = Debug|Any CPU
		Release|Any CPU = Release|Any CPU
	EndGlobalSection
	GlobalSection(ProjectConfigurationPlatforms) = postSolution
		{E4CE15D7-24CD-47D8-9C31-0D32E8B05501}.Debug|Any CPU.ActiveCfg = Debug|Any CPU
		{E4CE15D7-24CD-47D8-9C31-0D32E8B05501}.Debug|Any CPU.Build.0 = Debug|Any CPU
		{E4CE15D7-24CD-47D8-9C31-0D32E8B05501}.Release|Any CPU.ActiveCfg = Release|Any CPU
		{E4CE15D7-24CD-47D8-9C31-0D32E8B05501}.Release|Any CPU.Build.0 = Release|Any CPU
	EndGlobalSection
	GlobalSection(SolutionProperties) = preSolution
		HideSolutionNode = FALSE
	EndGlobalSection
	GlobalSection(ExtensibilityGlobals) = postSolution
		SolutionGuid = {ADA47BA8-C40F-4B99-9920-73462B227353}
	EndGlobalSection
EndGlobal
